
Microsoft Visual Studio Solution File, Format Version 12.00
# Visual Studio 14
VisualStudioVersion = 14.0.25420.1
MinimumVisualStudioVersion = 10.0.40219.1
Project("{FAE04EC0-301F-11D3-BF4B-00C04F79EFBC}") = "Toaster Notification Signar R", "Toaster Notification Signar R\Toaster Notification Signar R.csproj", "{696199CB-BF61-41E0-B225-EC7CB2E82C90}"
EndProject
Global
	GlobalSection(SolutionConfigurationPlatforms) = preSolution
		Debug|Any CPU = Debug|Any CPU
		Release|Any CPU = Release|Any CPU
	EndGlobalSection
	GlobalSection(ProjectConfigurationPlatforms) = postSolution
		{696199CB-BF61-41E0-B225-EC7CB2E82C90}.Debug|Any CPU.ActiveCfg = Debug|Any CPU
		{696199CB-BF61-41E0-B225-EC7CB2E82C90}.Debug|Any CPU.Build.0 = Debug|Any CPU
		{696199CB-BF61-41E0-B225-EC7CB2E82C90}.Release|Any CPU.ActiveCfg = Release|Any CPU
		{696199CB-BF61-41E0-B225-EC7CB2E82C90}.Release|Any CPU.Build.0 = Release|Any CPU
	EndGlobalSection
	GlobalSection(SolutionProperties) = preSolution
		HideSolutionNode = FALSE
	EndGlobalSection
EndGlobal
